{
  "name": "nodejs",
  "version": "1.0.0",
  "lockfileVersion": 2,
  "requires": true,
  "packages": {
    "": {
      "name": "nodejs",
      "version": "1.0.0",
      "license": "ISC",
      "dependencies": {
        "@yanafels/ajs": "^1.0.0"
      }
    },
    "node_modules/@yanafels/ajs": {
      "version": "1.0.0",
      "resolved": "https://npm.pkg.github.com/download/@yanafels/ajs/1.0.0/025e7244838c0b17ab3749964d52d8e2a0c8dad8",
      "integrity": "sha512-1DcSkCeDE+f78sTh8yv7k5AXArekWfgzDzOpJgj6Y7okzdFauLxlwBfdwE8zpjvK5HB8T+6lz7U5GmDY9ENiKQ==",
      "license": "ISC"
    }
  },
  "dependencies": {
    "@yanafels/ajs": {
      "version": "1.0.0",
      "resolved": "https://npm.pkg.github.com/download/@yanafels/ajs/1.0.0/025e7244838c0b17ab3749964d52d8e2a0c8dad8",
      "integrity": "sha512-1DcSkCeDE+f78sTh8yv7k5AXArekWfgzDzOpJgj6Y7okzdFauLxlwBfdwE8zpjvK5HB8T+6lz7U5GmDY9ENiKQ=="
    }
  }
}
